// !$*UTF8*$!
{
	archiveVersion = 1;
	classes = {
	};
	objectVersion = 46;
	objects = {

/* Begin PBXBuildFile section */
		E41D6E131C5943F7005DE6AA /* AppDelegate.swift in Sources */ = {isa = PBXBuildFile; fileRef = E41D6E121C5943F7005DE6AA /* AppDelegate.swift */; };
		E41D6E151C5943F7005DE6AA /* LoginViewController.swift in Sources */ = {isa = PBXBuildFile; fileRef = E41D6E141C5943F7005DE6AA /* LoginViewController.swift */; };
		E41D6E181C5943F7005DE6AA /* Main.storyboard in Resources */ = {isa = PBXBuildFile; fileRef = E41D6E161C5943F7005DE6AA /* Main.storyboard */; };
		E41D6E1B1C5943F7005DE6AA /* HopSwop.xcdatamodeld in Sources */ = {isa = PBXBuildFile; fileRef = E41D6E191C5943F7005DE6AA /* HopSwop.xcdatamodeld */; };
		E41D6E1D1C5943F7005DE6AA /* Assets.xcassets in Resources */ = {isa = PBXBuildFile; fileRef = E41D6E1C1C5943F7005DE6AA /* Assets.xcassets */; };
		E41D6E201C5943F7005DE6AA /* LaunchScreen.storyboard in Resources */ = {isa = PBXBuildFile; fileRef = E41D6E1E1C5943F7005DE6AA /* LaunchScreen.storyboard */; };
		E41D6E2A1C5944AB005DE6AA /* ParseUI.framework in Frameworks */ = {isa = PBXBuildFile; fileRef = E41D6E271C5944AB005DE6AA /* ParseUI.framework */; };
		E41D6E2B1C5944AB005DE6AA /* Bolts.framework in Frameworks */ = {isa = PBXBuildFile; fileRef = E41D6E281C5944AB005DE6AA /* Bolts.framework */; };
		E41D6E2C1C5944AB005DE6AA /* Parse.framework in Frameworks */ = {isa = PBXBuildFile; fileRef = E41D6E291C5944AB005DE6AA /* Parse.framework */; };
		E41D6E371C5948EF005DE6AA /* AudioToolbox.framework in Frameworks */ = {isa = PBXBuildFile; fileRef = E41D6E2E1C5948EF005DE6AA /* AudioToolbox.framework */; };
		E41D6E381C5948EF005DE6AA /* CFNetwork.framework in Frameworks */ = {isa = PBXBuildFile; fileRef = E41D6E2F1C5948EF005DE6AA /* CFNetwork.framework */; };
		E41D6E391C5948EF005DE6AA /* CoreGraphics.framework in Frameworks */ = {isa = PBXBuildFile; fileRef = E41D6E301C5948EF005DE6AA /* CoreGraphics.framework */; };
		E41D6E3A1C5948EF005DE6AA /* libsqlite3.tbd in Frameworks */ = {isa = PBXBuildFile; fileRef = E41D6E311C5948EF005DE6AA /* libsqlite3.tbd */; };
		E41D6E3B1C5948EF005DE6AA /* libz.tbd in Frameworks */ = {isa = PBXBuildFile; fileRef = E41D6E321C5948EF005DE6AA /* libz.tbd */; };
		E41D6E3C1C5948EF005DE6AA /* QuartzCore.framework in Frameworks */ = {isa = PBXBuildFile; fileRef = E41D6E331C5948EF005DE6AA /* QuartzCore.framework */; };
		E41D6E3D1C5948EF005DE6AA /* Security.framework in Frameworks */ = {isa = PBXBuildFile; fileRef = E41D6E341C5948EF005DE6AA /* Security.framework */; };
		E41D6E3E1C5948EF005DE6AA /* StoreKit.framework in Frameworks */ = {isa = PBXBuildFile; fileRef = E41D6E351C5948EF005DE6AA /* StoreKit.framework */; };
		E41D6E3F1C5948EF005DE6AA /* SystemConfiguration.framework in Frameworks */ = {isa = PBXBuildFile; fileRef = E41D6E361C5948EF005DE6AA /* SystemConfiguration.framework */; };
		E41D6E411C594901005DE6AA /* CoreLocation.framework in Frameworks */ = {isa = PBXBuildFile; fileRef = E41D6E401C594901005DE6AA /* CoreLocation.framework */; };
		E43F9F4A1C5A6C0B006CD370 /* CoreDataStack.swift in Sources */ = {isa = PBXBuildFile; fileRef = E43F9F491C5A6C0B006CD370 /* CoreDataStack.swift */; };
		E43F9F541C5B3C4E006CD370 /* FBSDKCoreKit.framework in Frameworks */ = {isa = PBXBuildFile; fileRef = E43F9F521C5B3C4E006CD370 /* FBSDKCoreKit.framework */; };
		E43F9F551C5B3C4E006CD370 /* FBSDKLoginKit.framework in Frameworks */ = {isa = PBXBuildFile; fileRef = E43F9F531C5B3C4E006CD370 /* FBSDKLoginKit.framework */; };
		E43F9F571C5BD836006CD370 /* ViewControllerExtensions.swift in Sources */ = {isa = PBXBuildFile; fileRef = E43F9F561C5BD836006CD370 /* ViewControllerExtensions.swift */; };
		E43F9F591C5BF50A006CD370 /* SignupViewController.swift in Sources */ = {isa = PBXBuildFile; fileRef = E43F9F581C5BF50A006CD370 /* SignupViewController.swift */; };
		E43F9F5B1C612C49006CD370 /* Beer.swift in Sources */ = {isa = PBXBuildFile; fileRef = E43F9F5A1C612C48006CD370 /* Beer.swift */; };
		E43F9F5D1C6135D8006CD370 /* Message.swift in Sources */ = {isa = PBXBuildFile; fileRef = E43F9F5C1C6135D8006CD370 /* Message.swift */; };
		E43F9F5F1C613E11006CD370 /* ParseClient.swift in Sources */ = {isa = PBXBuildFile; fileRef = E43F9F5E1C613E11006CD370 /* ParseClient.swift */; };
		E43F9F611C613FE7006CD370 /* Constants.swift in Sources */ = {isa = PBXBuildFile; fileRef = E43F9F601C613FE7006CD370 /* Constants.swift */; };
		E43F9F631C614034006CD370 /* BreweryDbClient.swift in Sources */ = {isa = PBXBuildFile; fileRef = E43F9F621C614034006CD370 /* BreweryDbClient.swift */; };
		E43F9F671C621E67006CD370 /* MyBeersVC.swift in Sources */ = {isa = PBXBuildFile; fileRef = E43F9F661C621E67006CD370 /* MyBeersVC.swift */; };
		E43F9F6B1C624EE7006CD370 /* BeerListVC.swift in Sources */ = {isa = PBXBuildFile; fileRef = E43F9F6A1C624EE7006CD370 /* BeerListVC.swift */; };
		E43F9F6D1C624F1C006CD370 /* BeerMapVC.swift in Sources */ = {isa = PBXBuildFile; fileRef = E43F9F6C1C624F1C006CD370 /* BeerMapVC.swift */; };
		E43F9F6F1C625A85006CD370 /* BeerList.swift in Sources */ = {isa = PBXBuildFile; fileRef = E43F9F6E1C625A85006CD370 /* BeerList.swift */; };
		E43F9F711C626376006CD370 /* ParseConvenience.swift in Sources */ = {isa = PBXBuildFile; fileRef = E43F9F701C626376006CD370 /* ParseConvenience.swift */; };
		E43F9F731C6354BF006CD370 /* ResetPWViewController.swift in Sources */ = {isa = PBXBuildFile; fileRef = E43F9F721C6354BE006CD370 /* ResetPWViewController.swift */; };
		E43F9F751C6356FC006CD370 /* BeerLoginController.swift in Sources */ = {isa = PBXBuildFile; fileRef = E43F9F741C6356FC006CD370 /* BeerLoginController.swift */; };
		E4DE8F871C64C9BB0098185E /* MyMessagesVC.swift in Sources */ = {isa = PBXBuildFile; fileRef = E4DE8F861C64C9BB0098185E /* MyMessagesVC.swift */; };
		E4DE8F891C6539090098185E /* BeerCell.swift in Sources */ = {isa = PBXBuildFile; fileRef = E4DE8F881C6539090098185E /* BeerCell.swift */; };
		E4DE8F8B1C6677040098185E /* BeerEditorVC.swift in Sources */ = {isa = PBXBuildFile; fileRef = E4DE8F8A1C6677040098185E /* BeerEditorVC.swift */; };
		E4DE8F8D1C6759840098185E /* HalfBeer.swift in Sources */ = {isa = PBXBuildFile; fileRef = E4DE8F8C1C6759840098185E /* HalfBeer.swift */; };
		E4DE8F8F1C6764810098185E /* BreweryDbConvenience.swift in Sources */ = {isa = PBXBuildFile; fileRef = E4DE8F8E1C6764810098185E /* BreweryDbConvenience.swift */; };
/* End PBXBuildFile section */

/* Begin PBXFileReference section */
		E41D6E0F1C5943F7005DE6AA /* HopSwop.app */ = {isa = PBXFileReference; explicitFileType = wrapper.application; includeInIndex = 0; path = HopSwop.app; sourceTree = BUILT_PRODUCTS_DIR; };
		E41D6E121C5943F7005DE6AA /* AppDelegate.swift */ = {isa = PBXFileReference; lastKnownFileType = sourcecode.swift; path = AppDelegate.swift; sourceTree = "<group>"; };
		E41D6E141C5943F7005DE6AA /* LoginViewController.swift */ = {isa = PBXFileReference; lastKnownFileType = sourcecode.swift; name = LoginViewController.swift; path = HopSwop/LoginViewController.swift; sourceTree = "<group>"; };
		E41D6E171C5943F7005DE6AA /* Base */ = {isa = PBXFileReference; lastKnownFileType = file.storyboard; name = Base; path = Base.lproj/Main.storyboard; sourceTree = "<group>"; };
		E41D6E1A1C5943F7005DE6AA /* HopSwop.xcdatamodel */ = {isa = PBXFileReference; lastKnownFileType = wrapper.xcdatamodel; path = HopSwop.xcdatamodel; sourceTree = "<group>"; };
		E41D6E1C1C5943F7005DE6AA /* Assets.xcassets */ = {isa = PBXFileReference; lastKnownFileType = folder.assetcatalog; path = Assets.xcassets; sourceTree = "<group>"; };
		E41D6E1F1C5943F7005DE6AA /* Base */ = {isa = PBXFileReference; lastKnownFileType = file.storyboard; name = Base; path = Base.lproj/LaunchScreen.storyboard; sourceTree = "<group>"; };
		E41D6E211C5943F7005DE6AA /* Info.plist */ = {isa = PBXFileReference; lastKnownFileType = text.plist.xml; path = Info.plist; sourceTree = "<group>"; };
		E41D6E271C5944AB005DE6AA /* ParseUI.framework */ = {isa = PBXFileReference; lastKnownFileType = wrapper.framework; path = ParseUI.framework; sourceTree = "<group>"; };
		E41D6E281C5944AB005DE6AA /* Bolts.framework */ = {isa = PBXFileReference; lastKnownFileType = wrapper.framework; path = Bolts.framework; sourceTree = "<group>"; };
		E41D6E291C5944AB005DE6AA /* Parse.framework */ = {isa = PBXFileReference; lastKnownFileType = wrapper.framework; path = Parse.framework; sourceTree = "<group>"; };
		E41D6E2E1C5948EF005DE6AA /* AudioToolbox.framework */ = {isa = PBXFileReference; lastKnownFileType = wrapper.framework; name = AudioToolbox.framework; path = System/Library/Frameworks/AudioToolbox.framework; sourceTree = SDKROOT; };
		E41D6E2F1C5948EF005DE6AA /* CFNetwork.framework */ = {isa = PBXFileReference; lastKnownFileType = wrapper.framework; name = CFNetwork.framework; path = System/Library/Frameworks/CFNetwork.framework; sourceTree = SDKROOT; };
		E41D6E301C5948EF005DE6AA /* CoreGraphics.framework */ = {isa = PBXFileReference; lastKnownFileType = wrapper.framework; name = CoreGraphics.framework; path = System/Library/Frameworks/CoreGraphics.framework; sourceTree = SDKROOT; };
		E41D6E311C5948EF005DE6AA /* libsqlite3.tbd */ = {isa = PBXFileReference; lastKnownFileType = "sourcecode.text-based-dylib-definition"; name = libsqlite3.tbd; path = usr/lib/libsqlite3.tbd; sourceTree = SDKROOT; };
		E41D6E321C5948EF005DE6AA /* libz.tbd */ = {isa = PBXFileReference; lastKnownFileType = "sourcecode.text-based-dylib-definition"; name = libz.tbd; path = usr/lib/libz.tbd; sourceTree = SDKROOT; };
		E41D6E331C5948EF005DE6AA /* QuartzCore.framework */ = {isa = PBXFileReference; lastKnownFileType = wrapper.framework; name = QuartzCore.framework; path = System/Library/Frameworks/QuartzCore.framework; sourceTree = SDKROOT; };
		E41D6E341C5948EF005DE6AA /* Security.framework */ = {isa = PBXFileReference; lastKnownFileType = wrapper.framework; name = Security.framework; path = System/Library/Frameworks/Security.framework; sourceTree = SDKROOT; };
		E41D6E351C5948EF005DE6AA /* StoreKit.framework */ = {isa = PBXFileReference; lastKnownFileType = wrapper.framework; name = StoreKit.framework; path = System/Library/Frameworks/StoreKit.framework; sourceTree = SDKROOT; };
		E41D6E361C5948EF005DE6AA /* SystemConfiguration.framework */ = {isa = PBXFileReference; lastKnownFileType = wrapper.framework; name = SystemConfiguration.framework; path = System/Library/Frameworks/SystemConfiguration.framework; sourceTree = SDKROOT; };
		E41D6E401C594901005DE6AA /* CoreLocation.framework */ = {isa = PBXFileReference; lastKnownFileType = wrapper.framework; name = CoreLocation.framework; path = System/Library/Frameworks/CoreLocation.framework; sourceTree = SDKROOT; };
		E43F9F491C5A6C0B006CD370 /* CoreDataStack.swift */ = {isa = PBXFileReference; fileEncoding = 4; lastKnownFileType = sourcecode.swift; path = CoreDataStack.swift; sourceTree = "<group>"; };
		E43F9F4F1C5B3221006CD370 /* HopSwop-Bridging-Header.h */ = {isa = PBXFileReference; lastKnownFileType = sourcecode.c.h; path = "HopSwop-Bridging-Header.h"; sourceTree = "<group>"; };
		E43F9F521C5B3C4E006CD370 /* FBSDKCoreKit.framework */ = {isa = PBXFileReference; lastKnownFileType = wrapper.framework; path = FBSDKCoreKit.framework; sourceTree = "<group>"; };
		E43F9F531C5B3C4E006CD370 /* FBSDKLoginKit.framework */ = {isa = PBXFileReference; lastKnownFileType = wrapper.framework; path = FBSDKLoginKit.framework; sourceTree = "<group>"; };
		E43F9F561C5BD836006CD370 /* ViewControllerExtensions.swift */ = {isa = PBXFileReference; fileEncoding = 4; lastKnownFileType = sourcecode.swift; path = ViewControllerExtensions.swift; sourceTree = "<group>"; };
		E43F9F581C5BF50A006CD370 /* SignupViewController.swift */ = {isa = PBXFileReference; fileEncoding = 4; lastKnownFileType = sourcecode.swift; name = SignupViewController.swift; path = HopSwop/SignupViewController.swift; sourceTree = "<group>"; };
		E43F9F5A1C612C48006CD370 /* Beer.swift */ = {isa = PBXFileReference; fileEncoding = 4; lastKnownFileType = sourcecode.swift; path = Beer.swift; sourceTree = "<group>"; };
		E43F9F5C1C6135D8006CD370 /* Message.swift */ = {isa = PBXFileReference; fileEncoding = 4; lastKnownFileType = sourcecode.swift; path = Message.swift; sourceTree = "<group>"; };
		E43F9F5E1C613E11006CD370 /* ParseClient.swift */ = {isa = PBXFileReference; fileEncoding = 4; lastKnownFileType = sourcecode.swift; path = ParseClient.swift; sourceTree = "<group>"; };
		E43F9F601C613FE7006CD370 /* Constants.swift */ = {isa = PBXFileReference; fileEncoding = 4; lastKnownFileType = sourcecode.swift; path = Constants.swift; sourceTree = "<group>"; };
		E43F9F621C614034006CD370 /* BreweryDbClient.swift */ = {isa = PBXFileReference; fileEncoding = 4; lastKnownFileType = sourcecode.swift; path = BreweryDbClient.swift; sourceTree = "<group>"; };
		E43F9F661C621E67006CD370 /* MyBeersVC.swift */ = {isa = PBXFileReference; fileEncoding = 4; lastKnownFileType = sourcecode.swift; path = MyBeersVC.swift; sourceTree = "<group>"; };
		E43F9F6A1C624EE7006CD370 /* BeerListVC.swift */ = {isa = PBXFileReference; fileEncoding = 4; lastKnownFileType = sourcecode.swift; path = BeerListVC.swift; sourceTree = "<group>"; };
		E43F9F6C1C624F1C006CD370 /* BeerMapVC.swift */ = {isa = PBXFileReference; fileEncoding = 4; lastKnownFileType = sourcecode.swift; path = BeerMapVC.swift; sourceTree = "<group>"; };
		E43F9F6E1C625A85006CD370 /* BeerList.swift */ = {isa = PBXFileReference; fileEncoding = 4; lastKnownFileType = sourcecode.swift; path = BeerList.swift; sourceTree = "<group>"; };
		E43F9F701C626376006CD370 /* ParseConvenience.swift */ = {isa = PBXFileReference; fileEncoding = 4; lastKnownFileType = sourcecode.swift; path = ParseConvenience.swift; sourceTree = "<group>"; };
		E43F9F721C6354BE006CD370 /* ResetPWViewController.swift */ = {isa = PBXFileReference; fileEncoding = 4; lastKnownFileType = sourcecode.swift; name = ResetPWViewController.swift; path = HopSwop/ResetPWViewController.swift; sourceTree = "<group>"; };
		E43F9F741C6356FC006CD370 /* BeerLoginController.swift */ = {isa = PBXFileReference; fileEncoding = 4; lastKnownFileType = sourcecode.swift; name = BeerLoginController.swift; path = HopSwop/BeerLoginController.swift; sourceTree = "<group>"; };
		E4DE8F861C64C9BB0098185E /* MyMessagesVC.swift */ = {isa = PBXFileReference; fileEncoding = 4; lastKnownFileType = sourcecode.swift; name = MyMessagesVC.swift; path = HopSwop/MyMessagesVC.swift; sourceTree = "<group>"; };
		E4DE8F881C6539090098185E /* BeerCell.swift */ = {isa = PBXFileReference; fileEncoding = 4; lastKnownFileType = sourcecode.swift; path = BeerCell.swift; sourceTree = "<group>"; };
		E4DE8F8A1C6677040098185E /* BeerEditorVC.swift */ = {isa = PBXFileReference; fileEncoding = 4; lastKnownFileType = sourcecode.swift; path = BeerEditorVC.swift; sourceTree = "<group>"; };
		E4DE8F8C1C6759840098185E /* HalfBeer.swift */ = {isa = PBXFileReference; fileEncoding = 4; lastKnownFileType = sourcecode.swift; path = HalfBeer.swift; sourceTree = "<group>"; };
		E4DE8F8E1C6764810098185E /* BreweryDbConvenience.swift */ = {isa = PBXFileReference; fileEncoding = 4; lastKnownFileType = sourcecode.swift; name = BreweryDbConvenience.swift; path = ../BreweryDbConvenience.swift; sourceTree = "<group>"; };
/* End PBXFileReference section */

/* Begin PBXFrameworksBuildPhase section */
		E41D6E0C1C5943F7005DE6AA /* Frameworks */ = {
			isa = PBXFrameworksBuildPhase;
			buildActionMask = 2147483647;
			files = (
				E41D6E411C594901005DE6AA /* CoreLocation.framework in Frameworks */,
				E41D6E371C5948EF005DE6AA /* AudioToolbox.framework in Frameworks */,
				E43F9F551C5B3C4E006CD370 /* FBSDKLoginKit.framework in Frameworks */,
				E41D6E381C5948EF005DE6AA /* CFNetwork.framework in Frameworks */,
				E41D6E391C5948EF005DE6AA /* CoreGraphics.framework in Frameworks */,
				E41D6E3A1C5948EF005DE6AA /* libsqlite3.tbd in Frameworks */,
				E41D6E3B1C5948EF005DE6AA /* libz.tbd in Frameworks */,
				E41D6E3C1C5948EF005DE6AA /* QuartzCore.framework in Frameworks */,
				E41D6E3D1C5948EF005DE6AA /* Security.framework in Frameworks */,
				E41D6E3E1C5948EF005DE6AA /* StoreKit.framework in Frameworks */,
				E41D6E3F1C5948EF005DE6AA /* SystemConfiguration.framework in Frameworks */,
				E41D6E2A1C5944AB005DE6AA /* ParseUI.framework in Frameworks */,
				E43F9F541C5B3C4E006CD370 /* FBSDKCoreKit.framework in Frameworks */,
				E41D6E2C1C5944AB005DE6AA /* Parse.framework in Frameworks */,
				E41D6E2B1C5944AB005DE6AA /* Bolts.framework in Frameworks */,
			);
			runOnlyForDeploymentPostprocessing = 0;
		};
/* End PBXFrameworksBuildPhase section */

/* Begin PBXGroup section */
		E41D6E061C5943F7005DE6AA = {
			isa = PBXGroup;
			children = (
				E4DE8F8A1C6677040098185E /* BeerEditorVC.swift */,
				E4DE8F881C6539090098185E /* BeerCell.swift */,
				E43F9F6A1C624EE7006CD370 /* BeerListVC.swift */,
				E43F9F6C1C624F1C006CD370 /* BeerMapVC.swift */,
				E43F9F661C621E67006CD370 /* MyBeersVC.swift */,
				E41D6E141C5943F7005DE6AA /* LoginViewController.swift */,
				E4DE8F861C64C9BB0098185E /* MyMessagesVC.swift */,
				E43F9F721C6354BE006CD370 /* ResetPWViewController.swift */,
				E43F9F581C5BF50A006CD370 /* SignupViewController.swift */,
				E43F9F741C6356FC006CD370 /* BeerLoginController.swift */,
				E43F9F561C5BD836006CD370 /* ViewControllerExtensions.swift */,
				E41D6E111C5943F7005DE6AA /* HopSwop */,
				E41D6E101C5943F7005DE6AA /* Products */,
				E41D6E2D1C5944C6005DE6AA /* Frameworks */,
			);
			sourceTree = "<group>";
		};
		E41D6E101C5943F7005DE6AA /* Products */ = {
			isa = PBXGroup;
			children = (
				E41D6E0F1C5943F7005DE6AA /* HopSwop.app */,
			);
			name = Products;
			sourceTree = "<group>";
		};
		E41D6E111C5943F7005DE6AA /* HopSwop */ = {
			isa = PBXGroup;
			children = (
				E41D6E1E1C5943F7005DE6AA /* LaunchScreen.storyboard */,
				E41D6E161C5943F7005DE6AA /* Main.storyboard */,
				E41D6E121C5943F7005DE6AA /* AppDelegate.swift */,
				E43F9F491C5A6C0B006CD370 /* CoreDataStack.swift */,
				E43F9F601C613FE7006CD370 /* Constants.swift */,
				E4DE8F8E1C6764810098185E /* BreweryDbConvenience.swift */,
				E43F9F621C614034006CD370 /* BreweryDbClient.swift */,
				E43F9F701C626376006CD370 /* ParseConvenience.swift */,
				E43F9F5E1C613E11006CD370 /* ParseClient.swift */,
				E43F9F6E1C625A85006CD370 /* BeerList.swift */,
				E43F9F5A1C612C48006CD370 /* Beer.swift */,
				E4DE8F8C1C6759840098185E /* HalfBeer.swift */,
				E43F9F5C1C6135D8006CD370 /* Message.swift */,
				E41D6E191C5943F7005DE6AA /* HopSwop.xcdatamodeld */,
				E43F9F4F1C5B3221006CD370 /* HopSwop-Bridging-Header.h */,
				E41D6E1C1C5943F7005DE6AA /* Assets.xcassets */,
				E41D6E211C5943F7005DE6AA /* Info.plist */,
			);
			path = HopSwop;
			sourceTree = "<group>";
		};
		E41D6E2D1C5944C6005DE6AA /* Frameworks */ = {
			isa = PBXGroup;
			children = (
				E43F9F521C5B3C4E006CD370 /* FBSDKCoreKit.framework */,
				E43F9F531C5B3C4E006CD370 /* FBSDKLoginKit.framework */,
				E41D6E401C594901005DE6AA /* CoreLocation.framework */,
				E41D6E2E1C5948EF005DE6AA /* AudioToolbox.framework */,
				E41D6E2F1C5948EF005DE6AA /* CFNetwork.framework */,
				E41D6E301C5948EF005DE6AA /* CoreGraphics.framework */,
				E41D6E311C5948EF005DE6AA /* libsqlite3.tbd */,
				E41D6E321C5948EF005DE6AA /* libz.tbd */,
				E41D6E331C5948EF005DE6AA /* QuartzCore.framework */,
				E41D6E341C5948EF005DE6AA /* Security.framework */,
				E41D6E351C5948EF005DE6AA /* StoreKit.framework */,
				E41D6E361C5948EF005DE6AA /* SystemConfiguration.framework */,
				E41D6E271C5944AB005DE6AA /* ParseUI.framework */,
				E41D6E281C5944AB005DE6AA /* Bolts.framework */,
				E41D6E291C5944AB005DE6AA /* Parse.framework */,
			);
			name = Frameworks;
			sourceTree = "<group>";
		};
/* End PBXGroup section */

/* Begin PBXNativeTarget section */
		E41D6E0E1C5943F7005DE6AA /* HopSwop */ = {
			isa = PBXNativeTarget;
			buildConfigurationList = E41D6E241C5943F7005DE6AA /* Build configuration list for PBXNativeTarget "HopSwop" */;
			buildPhases = (
				E41D6E0B1C5943F7005DE6AA /* Sources */,
				E41D6E0C1C5943F7005DE6AA /* Frameworks */,
				E41D6E0D1C5943F7005DE6AA /* Resources */,
			);
			buildRules = (
			);
			dependencies = (
			);
			name = HopSwop;
			productName = HopSwop;
			productReference = E41D6E0F1C5943F7005DE6AA /* HopSwop.app */;
			productType = "com.apple.product-type.application";
		};
/* End PBXNativeTarget section */

/* Begin PBXProject section */
		E41D6E071C5943F7005DE6AA /* Project object */ = {
			isa = PBXProject;
			attributes = {
				LastSwiftUpdateCheck = 0720;
				LastUpgradeCheck = 0720;
				ORGANIZATIONNAME = "Ethan Haley";
				TargetAttributes = {
					E41D6E0E1C5943F7005DE6AA = {
						CreatedOnToolsVersion = 7.2;
					};
				};
			};
			buildConfigurationList = E41D6E0A1C5943F7005DE6AA /* Build configuration list for PBXProject "HopSwop" */;
			compatibilityVersion = "Xcode 3.2";
			developmentRegion = English;
			hasScannedForEncodings = 0;
			knownRegions = (
				en,
				Base,
			);
			mainGroup = E41D6E061C5943F7005DE6AA;
			productRefGroup = E41D6E101C5943F7005DE6AA /* Products */;
			projectDirPath = "";
			projectRoot = "";
			targets = (
				E41D6E0E1C5943F7005DE6AA /* HopSwop */,
			);
		};
/* End PBXProject section */

/* Begin PBXResourcesBuildPhase section */
		E41D6E0D1C5943F7005DE6AA /* Resources */ = {
			isa = PBXResourcesBuildPhase;
			buildActionMask = 2147483647;
			files = (
				E41D6E201C5943F7005DE6AA /* LaunchScreen.storyboard in Resources */,
				E41D6E1D1C5943F7005DE6AA /* Assets.xcassets in Resources */,
				E41D6E181C5943F7005DE6AA /* Main.storyboard in Resources */,
			);
			runOnlyForDeploymentPostprocessing = 0;
		};
/* End PBXResourcesBuildPhase section */

/* Begin PBXSourcesBuildPhase section */
		E41D6E0B1C5943F7005DE6AA /* Sources */ = {
			isa = PBXSourcesBuildPhase;
			buildActionMask = 2147483647;
			files = (
				E43F9F591C5BF50A006CD370 /* SignupViewController.swift in Sources */,
				E43F9F631C614034006CD370 /* BreweryDbClient.swift in Sources */,
				E4DE8F8D1C6759840098185E /* HalfBeer.swift in Sources */,
				E43F9F6F1C625A85006CD370 /* BeerList.swift in Sources */,
				E43F9F671C621E67006CD370 /* MyBeersVC.swift in Sources */,
				E43F9F6D1C624F1C006CD370 /* BeerMapVC.swift in Sources */,
				E4DE8F8B1C6677040098185E /* BeerEditorVC.swift in Sources */,
				E43F9F751C6356FC006CD370 /* BeerLoginController.swift in Sources */,
				E41D6E1B1C5943F7005DE6AA /* HopSwop.xcdatamodeld in Sources */,
				E4DE8F8F1C6764810098185E /* BreweryDbConvenience.swift in Sources */,
				E41D6E151C5943F7005DE6AA /* LoginViewController.swift in Sources */,
				E41D6E131C5943F7005DE6AA /* AppDelegate.swift in Sources */,
				E43F9F5F1C613E11006CD370 /* ParseClient.swift in Sources */,
				E43F9F711C626376006CD370 /* ParseConvenience.swift in Sources */,
				E43F9F731C6354BF006CD370 /* ResetPWViewController.swift in Sources */,
				E4DE8F871C64C9BB0098185E /* MyMessagesVC.swift in Sources */,
				E43F9F611C613FE7006CD370 /* Constants.swift in Sources */,
				E43F9F571C5BD836006CD370 /* ViewControllerExtensions.swift in Sources */,
				E4DE8F891C6539090098185E /* BeerCell.swift in Sources */,
				E43F9F6B1C624EE7006CD370 /* BeerListVC.swift in Sources */,
				E43F9F5D1C6135D8006CD370 /* Message.swift in Sources */,
				E43F9F5B1C612C49006CD370 /* Beer.swift in Sources */,
				E43F9F4A1C5A6C0B006CD370 /* CoreDataStack.swift in Sources */,
			);
			runOnlyForDeploymentPostprocessing = 0;
		};
/* End PBXSourcesBuildPhase section */

/* Begin PBXVariantGroup section */
		E41D6E161C5943F7005DE6AA /* Main.storyboard */ = {
			isa = PBXVariantGroup;
			children = (
				E41D6E171C5943F7005DE6AA /* Base */,
			);
			name = Main.storyboard;
			sourceTree = "<group>";
		};
		E41D6E1E1C5943F7005DE6AA /* LaunchScreen.storyboard */ = {
			isa = PBXVariantGroup;
			children = (
				E41D6E1F1C5943F7005DE6AA /* Base */,
			);
			name = LaunchScreen.storyboard;
			sourceTree = "<group>";
		};
/* End PBXVariantGroup section */

/* Begin XCBuildConfiguration section */
		E41D6E221C5943F7005DE6AA /* Debug */ = {
			isa = XCBuildConfiguration;
			buildSettings = {
				ALWAYS_SEARCH_USER_PATHS = NO;
				CLANG_CXX_LANGUAGE_STANDARD = "gnu++0x";
				CLANG_CXX_LIBRARY = "libc++";
				CLANG_ENABLE_MODULES = YES;
				CLANG_ENABLE_OBJC_ARC = YES;
				CLANG_WARN_BOOL_CONVERSION = YES;
				CLANG_WARN_CONSTANT_CONVERSION = YES;
				CLANG_WARN_DIRECT_OBJC_ISA_USAGE = YES_ERROR;
				CLANG_WARN_EMPTY_BODY = YES;
				CLANG_WARN_ENUM_CONVERSION = YES;
				CLANG_WARN_INT_CONVERSION = YES;
				CLANG_WARN_OBJC_ROOT_CLASS = YES_ERROR;
				CLANG_WARN_UNREACHABLE_CODE = YES;
				CLANG_WARN__DUPLICATE_METHOD_MATCH = YES;
				"CODE_SIGN_IDENTITY[sdk=iphoneos*]" = "iPhone Developer";
				COPY_PHASE_STRIP = NO;
				DEBUG_INFORMATION_FORMAT = dwarf;
				ENABLE_STRICT_OBJC_MSGSEND = YES;
				ENABLE_TESTABILITY = YES;
				GCC_C_LANGUAGE_STANDARD = gnu99;
				GCC_DYNAMIC_NO_PIC = NO;
				GCC_NO_COMMON_BLOCKS = YES;
				GCC_OPTIMIZATION_LEVEL = 0;
				GCC_PREPROCESSOR_DEFINITIONS = (
					"DEBUG=1",
					"$(inherited)",
				);
				GCC_WARN_64_TO_32_BIT_CONVERSION = YES;
				GCC_WARN_ABOUT_RETURN_TYPE = YES_ERROR;
				GCC_WARN_UNDECLARED_SELECTOR = YES;
				GCC_WARN_UNINITIALIZED_AUTOS = YES_AGGRESSIVE;
				GCC_WARN_UNUSED_FUNCTION = YES;
				GCC_WARN_UNUSED_VARIABLE = YES;
				IPHONEOS_DEPLOYMENT_TARGET = 9.2;
				MTL_ENABLE_DEBUG_INFO = YES;
				ONLY_ACTIVE_ARCH = YES;
				SDKROOT = iphoneos;
				SWIFT_OPTIMIZATION_LEVEL = "-Onone";
				TARGETED_DEVICE_FAMILY = "1,2";
			};
			name = Debug;
		};
		E41D6E231C5943F7005DE6AA /* Release */ = {
			isa = XCBuildConfiguration;
			buildSettings = {
				ALWAYS_SEARCH_USER_PATHS = NO;
				CLANG_CXX_LANGUAGE_STANDARD = "gnu++0x";
				CLANG_CXX_LIBRARY = "libc++";
				CLANG_ENABLE_MODULES = YES;
				CLANG_ENABLE_OBJC_ARC = YES;
				CLANG_WARN_BOOL_CONVERSION = YES;
				CLANG_WARN_CONSTANT_CONVERSION = YES;
				CLANG_WARN_DIRECT_OBJC_ISA_USAGE = YES_ERROR;
				CLANG_WARN_EMPTY_BODY = YES;
				CLANG_WARN_ENUM_CONVERSION = YES;
				CLANG_WARN_INT_CONVERSION = YES;
				CLANG_WARN_OBJC_ROOT_CLASS = YES_ERROR;
				CLANG_WARN_UNREACHABLE_CODE = YES;
				CLANG_WARN__DUPLICATE_METHOD_MATCH = YES;
				"CODE_SIGN_IDENTITY[sdk=iphoneos*]" = "iPhone Developer";
				COPY_PHASE_STRIP = NO;
				DEBUG_INFORMATION_FORMAT = "dwarf-with-dsym";
				ENABLE_NS_ASSERTIONS = NO;
				ENABLE_STRICT_OBJC_MSGSEND = YES;
				GCC_C_LANGUAGE_STANDARD = gnu99;
				GCC_NO_COMMON_BLOCKS = YES;
				GCC_WARN_64_TO_32_BIT_CONVERSION = YES;
				GCC_WARN_ABOUT_RETURN_TYPE = YES_ERROR;
				GCC_WARN_UNDECLARED_SELECTOR = YES;
				GCC_WARN_UNINITIALIZED_AUTOS = YES_AGGRESSIVE;
				GCC_WARN_UNUSED_FUNCTION = YES;
				GCC_WARN_UNUSED_VARIABLE = YES;
				IPHONEOS_DEPLOYMENT_TARGET = 9.2;
				MTL_ENABLE_DEBUG_INFO = NO;
				SDKROOT = iphoneos;
				TARGETED_DEVICE_FAMILY = "1,2";
				VALIDATE_PRODUCT = YES;
			};
			name = Release;
		};
		E41D6E251C5943F7005DE6AA /* Debug */ = {
			isa = XCBuildConfiguration;
			buildSettings = {
				ASSETCATALOG_COMPILER_APPICON_NAME = AppIcon;
				CLANG_ENABLE_MODULES = YES;
				FRAMEWORK_SEARCH_PATHS = (
					"$(inherited)",
					"$(PROJECT_DIR)",
				);
				INFOPLIST_FILE = HopSwop/Info.plist;
				LD_RUNPATH_SEARCH_PATHS = "$(inherited) @executable_path/Frameworks";
				PRODUCT_BUNDLE_IDENTIFIER = dirt.HopSwop;
				PRODUCT_NAME = "$(TARGET_NAME)";
				SWIFT_OBJC_BRIDGING_HEADER = "HopSwop/HopSwop-Bridging-Header.h";
				SWIFT_OPTIMIZATION_LEVEL = "-Onone";
			};
			name = Debug;
		};
		E41D6E261C5943F7005DE6AA /* Release */ = {
			isa = XCBuildConfiguration;
			buildSettings = {
				ASSETCATALOG_COMPILER_APPICON_NAME = AppIcon;
				CLANG_ENABLE_MODULES = YES;
				FRAMEWORK_SEARCH_PATHS = (
					"$(inherited)",
					"$(PROJECT_DIR)",
				);
				INFOPLIST_FILE = HopSwop/Info.plist;
				LD_RUNPATH_SEARCH_PATHS = "$(inherited) @executable_path/Frameworks";
				PRODUCT_BUNDLE_IDENTIFIER = dirt.HopSwop;
				PRODUCT_NAME = "$(TARGET_NAME)";
				SWIFT_OBJC_BRIDGING_HEADER = "HopSwop/HopSwop-Bridging-Header.h";
			};
			name = Release;
		};
/* End XCBuildConfiguration section */

/* Begin XCConfigurationList section */
		E41D6E0A1C5943F7005DE6AA /* Build configuration list for PBXProject "HopSwop" */ = {
			isa = XCConfigurationList;
			buildConfigurations = (
				E41D6E221C5943F7005DE6AA /* Debug */,
				E41D6E231C5943F7005DE6AA /* Release */,
			);
			defaultConfigurationIsVisible = 0;
			defaultConfigurationName = Release;
		};
		E41D6E241C5943F7005DE6AA /* Build configuration list for PBXNativeTarget "HopSwop" */ = {
			isa = XCConfigurationList;
			buildConfigurations = (
				E41D6E251C5943F7005DE6AA /* Debug */,
				E41D6E261C5943F7005DE6AA /* Release */,
			);
			defaultConfigurationIsVisible = 0;
			defaultConfigurationName = Release;
		};
/* End XCConfigurationList section */

/* Begin XCVersionGroup section */
		E41D6E191C5943F7005DE6AA /* HopSwop.xcdatamodeld */ = {
			isa = XCVersionGroup;
			children = (
				E41D6E1A1C5943F7005DE6AA /* HopSwop.xcdatamodel */,
			);
			currentVersion = E41D6E1A1C5943F7005DE6AA /* HopSwop.xcdatamodel */;
			path = HopSwop.xcdatamodeld;
			sourceTree = "<group>";
			versionGroupType = wrapper.xcdatamodel;
		};
/* End XCVersionGroup section */
	};
	rootObject = E41D6E071C5943F7005DE6AA /* Project object */;
}
